<?xml version="1.0" encoding="utf-8"?>
<Project ToolsVersion="4.0" xmlns="http://schemas.microsoft.com/developer/msbuild/2003">
  <ItemGroup>
    <Filter Include="Quelldateien">
      <UniqueIdentifier>{4FC737F1-C7A5-4376-A066-2A32D752A2FF}</UniqueIdentifier>
      <Extensions>cpp;c;cc;cxx;def;odl;idl;hpj;bat;asm;asmx</Extensions>
    </Filter>
    <Filter Include="Headerdateien">
      <UniqueIdentifier>{93995380-89BD-4b04-88EB-625FBE52EBFB}</UniqueIdentifier>
      <Extensions>h;hh;hpp;hxx;hm;inl;inc;ipp;xsd</Extensions>
    </Filter>
    <Filter Include="Ressourcendateien">
      <UniqueIdentifier>{67DA6AB6-F800-4c08-8B7A-83BB121AAD01}</UniqueIdentifier>
      <Extensions>rc;ico;cur;bmp;dlg;rc2;rct;bin;rgs;gif;jpg;jpeg;jpe;resx;tiff;tif;png;wav;mfcribbon-ms</Extensions>
    </Filter>
    <Filter Include="shader">
      <UniqueIdentifier>{93348fbf-1832-42c0-971d-b84e45c103ec}</UniqueIdentifier>
    </Filter>
  </ItemGroup>
  <ItemGroup>
    <ClCompile Include="Tetris.cpp">
      <Filter>Quelldateien</Filter>
    </ClCompile>
    <ClCompile Include="glad.c">
      <Filter>Quelldateien</Filter>
    </ClCompile>
    <ClCompile Include="stb_image_implementation.cpp">
      <Filter>Quelldateien</Filter>
    </ClCompile>
    <ClCompile Include="Gamesector.h">
      <Filter>Headerdateien</Filter>
    </ClCompile>
    <ClCompile Include="Tetromino.cpp">
      <Filter>Quelldateien</Filter>
    </ClCompile>
  </ItemGroup>
  <ItemGroup>
    <ClInclude Include="Shader.h">
      <Filter>Headerdateien</Filter>
    </ClInclude>
    <ClInclude Include="camera.h">
      <Filter>Headerdateien</Filter>
    </ClInclude>
    <ClInclude Include="stb_image.h">
      <Filter>Headerdateien</Filter>
    </ClInclude>
    <ClInclude Include="Block.h">
      <Filter>Headerdateien</Filter>
    </ClInclude>
    <ClInclude Include="Tetromino.h">
      <Filter>Headerdateien</Filter>
    </ClInclude>
    <ClInclude Include="Cube.h">
      <Filter>Headerdateien</Filter>
    </ClInclude>
    <ClInclude Include="Quad.h">
      <Filter>Headerdateien</Filter>
    </ClInclude>
  </ItemGroup>
  <ItemGroup>
    <None Include="VertexShader.shader">
      <Filter>shader</Filter>
    </None>
    <None Include="FragmentShader.shader">
      <Filter>shader</Filter>
    </None>
  </ItemGroup>
  <ItemGroup>
    <Image Include="boxTexture.jpg">
      <Filter>Ressourcendateien</Filter>
    </Image>
  </ItemGroup>
</Project>